<?xml version="1.0" encoding="UTF-8"?>
<Project ToolsVersion="14.0" xmlns="http://schemas.microsoft.com/developer/msbuild/2003">
  <ItemGroup>
    <ClCompile Include="F:\github\cpp_redis\examples\cpp_redis_high_availability_client.cpp">
      <Filter>Source Files</Filter>
    </ClCompile>
  </ItemGroup>
  <ItemGroup>
    <CustomBuild Include="F:\github\cpp_redis\examples\CMakeLists.txt" />
  </ItemGroup>
  <ItemGroup>
    <Filter Include="Source Files">
      <UniqueIdentifier>{BE23637D-2DE1-30BE-A5D5-8AF3886E6F41}</UniqueIdentifier>
    </Filter>
  </ItemGroup>
</Project>
