Microsoft Visual Studio Solution File, Format Version 12.00
# Visual Studio 14
Project("{8BC9CEB8-8B4A-11D0-8D11-00A0C91BC942}") = "ALL_BUILD", "ALL_BUILD.vcxproj", "{E6552116-DB29-3570-90B4-E547C551A3FE}"
	ProjectSection(ProjectDependencies) = postProject
		{7DDD6201-482C-3C74-9170-9475A3EDD8A7} = {7DDD6201-482C-3C74-9170-9475A3EDD8A7}
		{41C52517-3063-32C8-B0A3-7735AEC5E2AA} = {41C52517-3063-32C8-B0A3-7735AEC5E2AA}
		{164DEE2F-1F34-37BD-A269-A2B6233C779E} = {164DEE2F-1F34-37BD-A269-A2B6233C779E}
		{10F73FC5-7106-3C33-B0F7-5CB788014AB3} = {10F73FC5-7106-3C33-B0F7-5CB788014AB3}
		{DC810F9F-2181-3686-B639-1C7C4708DD02} = {DC810F9F-2181-3686-B639-1C7C4708DD02}
		{64118321-F4A4-3BBD-90C4-764D782EABEE} = {64118321-F4A4-3BBD-90C4-764D782EABEE}
		{AD067229-E38F-3E15-81E2-363F7401071D} = {AD067229-E38F-3E15-81E2-363F7401071D}
		{7BD5556B-311C-3D95-8B52-E44EA10432C4} = {7BD5556B-311C-3D95-8B52-E44EA10432C4}
		{6B5FBCB2-90AD-368F-93FC-D04971034137} = {6B5FBCB2-90AD-368F-93FC-D04971034137}
		{DC86724B-6EE8-322E-B732-55A8C07301E1} = {DC86724B-6EE8-322E-B732-55A8C07301E1}
		{6B4BCED0-5D1E-3719-9C8D-4E1BDC76F1DA} = {6B4BCED0-5D1E-3719-9C8D-4E1BDC76F1DA}
	EndProjectSection
EndProject
Project("{8BC9CEB8-8B4A-11D0-8D11-00A0C91BC942}") = "ZERO_CHECK", "ZERO_CHECK.vcxproj", "{7DDD6201-482C-3C74-9170-9475A3EDD8A7}"
	ProjectSection(ProjectDependencies) = postProject
	EndProjectSection
EndProject
Project("{8BC9CEB8-8B4A-11D0-8D11-00A0C91BC942}") = "array_builder_spec", "array_builder_spec.vcxproj", "{41C52517-3063-32C8-B0A3-7735AEC5E2AA}"
	ProjectSection(ProjectDependencies) = postProject
		{7DDD6201-482C-3C74-9170-9475A3EDD8A7} = {7DDD6201-482C-3C74-9170-9475A3EDD8A7}
	EndProjectSection
EndProject
Project("{8BC9CEB8-8B4A-11D0-8D11-00A0C91BC942}") = "builders_factory_spec", "builders_factory_spec.vcxproj", "{164DEE2F-1F34-37BD-A269-A2B6233C779E}"
	ProjectSection(ProjectDependencies) = postProject
		{7DDD6201-482C-3C74-9170-9475A3EDD8A7} = {7DDD6201-482C-3C74-9170-9475A3EDD8A7}
	EndProjectSection
EndProject
Project("{8BC9CEB8-8B4A-11D0-8D11-00A0C91BC942}") = "bulk_string_builder_spec", "bulk_string_builder_spec.vcxproj", "{10F73FC5-7106-3C33-B0F7-5CB788014AB3}"
	ProjectSection(ProjectDependencies) = postProject
		{7DDD6201-482C-3C74-9170-9475A3EDD8A7} = {7DDD6201-482C-3C74-9170-9475A3EDD8A7}
	EndProjectSection
EndProject
Project("{8BC9CEB8-8B4A-11D0-8D11-00A0C91BC942}") = "error_builder_spec", "error_builder_spec.vcxproj", "{DC810F9F-2181-3686-B639-1C7C4708DD02}"
	ProjectSection(ProjectDependencies) = postProject
		{7DDD6201-482C-3C74-9170-9475A3EDD8A7} = {7DDD6201-482C-3C74-9170-9475A3EDD8A7}
	EndProjectSection
EndProject
Project("{8BC9CEB8-8B4A-11D0-8D11-00A0C91BC942}") = "integer_builder_spec", "integer_builder_spec.vcxproj", "{64118321-F4A4-3BBD-90C4-764D782EABEE}"
	ProjectSection(ProjectDependencies) = postProject
		{7DDD6201-482C-3C74-9170-9475A3EDD8A7} = {7DDD6201-482C-3C74-9170-9475A3EDD8A7}
	EndProjectSection
EndProject
Project("{8BC9CEB8-8B4A-11D0-8D11-00A0C91BC942}") = "redis_client_spec", "redis_client_spec.vcxproj", "{AD067229-E38F-3E15-81E2-363F7401071D}"
	ProjectSection(ProjectDependencies) = postProject
		{7DDD6201-482C-3C74-9170-9475A3EDD8A7} = {7DDD6201-482C-3C74-9170-9475A3EDD8A7}
	EndProjectSection
EndProject
Project("{8BC9CEB8-8B4A-11D0-8D11-00A0C91BC942}") = "redis_subscriber_spec", "redis_subscriber_spec.vcxproj", "{7BD5556B-311C-3D95-8B52-E44EA10432C4}"
	ProjectSection(ProjectDependencies) = postProject
		{7DDD6201-482C-3C74-9170-9475A3EDD8A7} = {7DDD6201-482C-3C74-9170-9475A3EDD8A7}
	EndProjectSection
EndProject
Project("{8BC9CEB8-8B4A-11D0-8D11-00A0C91BC942}") = "reply_builder_spec", "reply_builder_spec.vcxproj", "{6B5FBCB2-90AD-368F-93FC-D04971034137}"
	ProjectSection(ProjectDependencies) = postProject
		{7DDD6201-482C-3C74-9170-9475A3EDD8A7} = {7DDD6201-482C-3C74-9170-9475A3EDD8A7}
	EndProjectSection
EndProject
Project("{8BC9CEB8-8B4A-11D0-8D11-00A0C91BC942}") = "reply_spec", "reply_spec.vcxproj", "{DC86724B-6EE8-322E-B732-55A8C07301E1}"
	ProjectSection(ProjectDependencies) = postProject
		{7DDD6201-482C-3C74-9170-9475A3EDD8A7} = {7DDD6201-482C-3C74-9170-9475A3EDD8A7}
	EndProjectSection
EndProject
Project("{8BC9CEB8-8B4A-11D0-8D11-00A0C91BC942}") = "simple_string_builder_spec", "simple_string_builder_spec.vcxproj", "{6B4BCED0-5D1E-3719-9C8D-4E1BDC76F1DA}"
	ProjectSection(ProjectDependencies) = postProject
		{7DDD6201-482C-3C74-9170-9475A3EDD8A7} = {7DDD6201-482C-3C74-9170-9475A3EDD8A7}
	EndProjectSection
EndProject
Global
	GlobalSection(SolutionConfigurationPlatforms) = preSolution
		Debug|Win32 = Debug|Win32
		Release|Win32 = Release|Win32
		MinSizeRel|Win32 = MinSizeRel|Win32
		RelWithDebInfo|Win32 = RelWithDebInfo|Win32
	EndGlobalSection
	GlobalSection(ProjectConfigurationPlatforms) = postSolution
		{E6552116-DB29-3570-90B4-E547C551A3FE}.Debug|Win32.ActiveCfg = Debug|Win32
		{E6552116-DB29-3570-90B4-E547C551A3FE}.Release|Win32.ActiveCfg = Release|Win32
		{E6552116-DB29-3570-90B4-E547C551A3FE}.MinSizeRel|Win32.ActiveCfg = MinSizeRel|Win32
		{E6552116-DB29-3570-90B4-E547C551A3FE}.RelWithDebInfo|Win32.ActiveCfg = RelWithDebInfo|Win32
		{7DDD6201-482C-3C74-9170-9475A3EDD8A7}.Debug|Win32.ActiveCfg = Debug|Win32
		{7DDD6201-482C-3C74-9170-9475A3EDD8A7}.Debug|Win32.Build.0 = Debug|Win32
		{7DDD6201-482C-3C74-9170-9475A3EDD8A7}.Release|Win32.ActiveCfg = Release|Win32
		{7DDD6201-482C-3C74-9170-9475A3EDD8A7}.Release|Win32.Build.0 = Release|Win32
		{7DDD6201-482C-3C74-9170-9475A3EDD8A7}.MinSizeRel|Win32.ActiveCfg = MinSizeRel|Win32
		{7DDD6201-482C-3C74-9170-9475A3EDD8A7}.MinSizeRel|Win32.Build.0 = MinSizeRel|Win32
		{7DDD6201-482C-3C74-9170-9475A3EDD8A7}.RelWithDebInfo|Win32.ActiveCfg = RelWithDebInfo|Win32
		{7DDD6201-482C-3C74-9170-9475A3EDD8A7}.RelWithDebInfo|Win32.Build.0 = RelWithDebInfo|Win32
		{41C52517-3063-32C8-B0A3-7735AEC5E2AA}.Debug|Win32.ActiveCfg = Debug|Win32
		{41C52517-3063-32C8-B0A3-7735AEC5E2AA}.Debug|Win32.Build.0 = Debug|Win32
		{41C52517-3063-32C8-B0A3-7735AEC5E2AA}.Release|Win32.ActiveCfg = Release|Win32
		{41C52517-3063-32C8-B0A3-7735AEC5E2AA}.Release|Win32.Build.0 = Release|Win32
		{41C52517-3063-32C8-B0A3-7735AEC5E2AA}.MinSizeRel|Win32.ActiveCfg = MinSizeRel|Win32
		{41C52517-3063-32C8-B0A3-7735AEC5E2AA}.MinSizeRel|Win32.Build.0 = MinSizeRel|Win32
		{41C52517-3063-32C8-B0A3-7735AEC5E2AA}.RelWithDebInfo|Win32.ActiveCfg = RelWithDebInfo|Win32
		{41C52517-3063-32C8-B0A3-7735AEC5E2AA}.RelWithDebInfo|Win32.Build.0 = RelWithDebInfo|Win32
		{164DEE2F-1F34-37BD-A269-A2B6233C779E}.Debug|Win32.ActiveCfg = Debug|Win32
		{164DEE2F-1F34-37BD-A269-A2B6233C779E}.Debug|Win32.Build.0 = Debug|Win32
		{164DEE2F-1F34-37BD-A269-A2B6233C779E}.Release|Win32.ActiveCfg = Release|Win32
		{164DEE2F-1F34-37BD-A269-A2B6233C779E}.Release|Win32.Build.0 = Release|Win32
		{164DEE2F-1F34-37BD-A269-A2B6233C779E}.MinSizeRel|Win32.ActiveCfg = MinSizeRel|Win32
		{164DEE2F-1F34-37BD-A269-A2B6233C779E}.MinSizeRel|Win32.Build.0 = MinSizeRel|Win32
		{164DEE2F-1F34-37BD-A269-A2B6233C779E}.RelWithDebInfo|Win32.ActiveCfg = RelWithDebInfo|Win32
		{164DEE2F-1F34-37BD-A269-A2B6233C779E}.RelWithDebInfo|Win32.Build.0 = RelWithDebInfo|Win32
		{10F73FC5-7106-3C33-B0F7-5CB788014AB3}.Debug|Win32.ActiveCfg = Debug|Win32
		{10F73FC5-7106-3C33-B0F7-5CB788014AB3}.Debug|Win32.Build.0 = Debug|Win32
		{10F73FC5-7106-3C33-B0F7-5CB788014AB3}.Release|Win32.ActiveCfg = Release|Win32
		{10F73FC5-7106-3C33-B0F7-5CB788014AB3}.Release|Win32.Build.0 = Release|Win32
		{10F73FC5-7106-3C33-B0F7-5CB788014AB3}.MinSizeRel|Win32.ActiveCfg = MinSizeRel|Win32
		{10F73FC5-7106-3C33-B0F7-5CB788014AB3}.MinSizeRel|Win32.Build.0 = MinSizeRel|Win32
		{10F73FC5-7106-3C33-B0F7-5CB788014AB3}.RelWithDebInfo|Win32.ActiveCfg = RelWithDebInfo|Win32
		{10F73FC5-7106-3C33-B0F7-5CB788014AB3}.RelWithDebInfo|Win32.Build.0 = RelWithDebInfo|Win32
		{DC810F9F-2181-3686-B639-1C7C4708DD02}.Debug|Win32.ActiveCfg = Debug|Win32
		{DC810F9F-2181-3686-B639-1C7C4708DD02}.Debug|Win32.Build.0 = Debug|Win32
		{DC810F9F-2181-3686-B639-1C7C4708DD02}.Release|Win32.ActiveCfg = Release|Win32
		{DC810F9F-2181-3686-B639-1C7C4708DD02}.Release|Win32.Build.0 = Release|Win32
		{DC810F9F-2181-3686-B639-1C7C4708DD02}.MinSizeRel|Win32.ActiveCfg = MinSizeRel|Win32
		{DC810F9F-2181-3686-B639-1C7C4708DD02}.MinSizeRel|Win32.Build.0 = MinSizeRel|Win32
		{DC810F9F-2181-3686-B639-1C7C4708DD02}.RelWithDebInfo|Win32.ActiveCfg = RelWithDebInfo|Win32
		{DC810F9F-2181-3686-B639-1C7C4708DD02}.RelWithDebInfo|Win32.Build.0 = RelWithDebInfo|Win32
		{64118321-F4A4-3BBD-90C4-764D782EABEE}.Debug|Win32.ActiveCfg = Debug|Win32
		{64118321-F4A4-3BBD-90C4-764D782EABEE}.Debug|Win32.Build.0 = Debug|Win32
		{64118321-F4A4-3BBD-90C4-764D782EABEE}.Release|Win32.ActiveCfg = Release|Win32
		{64118321-F4A4-3BBD-90C4-764D782EABEE}.Release|Win32.Build.0 = Release|Win32
		{64118321-F4A4-3BBD-90C4-764D782EABEE}.MinSizeRel|Win32.ActiveCfg = MinSizeRel|Win32
		{64118321-F4A4-3BBD-90C4-764D782EABEE}.MinSizeRel|Win32.Build.0 = MinSizeRel|Win32
		{64118321-F4A4-3BBD-90C4-764D782EABEE}.RelWithDebInfo|Win32.ActiveCfg = RelWithDebInfo|Win32
		{64118321-F4A4-3BBD-90C4-764D782EABEE}.RelWithDebInfo|Win32.Build.0 = RelWithDebInfo|Win32
		{AD067229-E38F-3E15-81E2-363F7401071D}.Debug|Win32.ActiveCfg = Debug|Win32
		{AD067229-E38F-3E15-81E2-363F7401071D}.Debug|Win32.Build.0 = Debug|Win32
		{AD067229-E38F-3E15-81E2-363F7401071D}.Release|Win32.ActiveCfg = Release|Win32
		{AD067229-E38F-3E15-81E2-363F7401071D}.Release|Win32.Build.0 = Release|Win32
		{AD067229-E38F-3E15-81E2-363F7401071D}.MinSizeRel|Win32.ActiveCfg = MinSizeRel|Win32
		{AD067229-E38F-3E15-81E2-363F7401071D}.MinSizeRel|Win32.Build.0 = MinSizeRel|Win32
		{AD067229-E38F-3E15-81E2-363F7401071D}.RelWithDebInfo|Win32.ActiveCfg = RelWithDebInfo|Win32
		{AD067229-E38F-3E15-81E2-363F7401071D}.RelWithDebInfo|Win32.Build.0 = RelWithDebInfo|Win32
		{7BD5556B-311C-3D95-8B52-E44EA10432C4}.Debug|Win32.ActiveCfg = Debug|Win32
		{7BD5556B-311C-3D95-8B52-E44EA10432C4}.Debug|Win32.Build.0 = Debug|Win32
		{7BD5556B-311C-3D95-8B52-E44EA10432C4}.Release|Win32.ActiveCfg = Release|Win32
		{7BD5556B-311C-3D95-8B52-E44EA10432C4}.Release|Win32.Build.0 = Release|Win32
		{7BD5556B-311C-3D95-8B52-E44EA10432C4}.MinSizeRel|Win32.ActiveCfg = MinSizeRel|Win32
		{7BD5556B-311C-3D95-8B52-E44EA10432C4}.MinSizeRel|Win32.Build.0 = MinSizeRel|Win32
		{7BD5556B-311C-3D95-8B52-E44EA10432C4}.RelWithDebInfo|Win32.ActiveCfg = RelWithDebInfo|Win32
		{7BD5556B-311C-3D95-8B52-E44EA10432C4}.RelWithDebInfo|Win32.Build.0 = RelWithDebInfo|Win32
		{6B5FBCB2-90AD-368F-93FC-D04971034137}.Debug|Win32.ActiveCfg = Debug|Win32
		{6B5FBCB2-90AD-368F-93FC-D04971034137}.Debug|Win32.Build.0 = Debug|Win32
		{6B5FBCB2-90AD-368F-93FC-D04971034137}.Release|Win32.ActiveCfg = Release|Win32
		{6B5FBCB2-90AD-368F-93FC-D04971034137}.Release|Win32.Build.0 = Release|Win32
		{6B5FBCB2-90AD-368F-93FC-D04971034137}.MinSizeRel|Win32.ActiveCfg = MinSizeRel|Win32
		{6B5FBCB2-90AD-368F-93FC-D04971034137}.MinSizeRel|Win32.Build.0 = MinSizeRel|Win32
		{6B5FBCB2-90AD-368F-93FC-D04971034137}.RelWithDebInfo|Win32.ActiveCfg = RelWithDebInfo|Win32
		{6B5FBCB2-90AD-368F-93FC-D04971034137}.RelWithDebInfo|Win32.Build.0 = RelWithDebInfo|Win32
		{DC86724B-6EE8-322E-B732-55A8C07301E1}.Debug|Win32.ActiveCfg = Debug|Win32
		{DC86724B-6EE8-322E-B732-55A8C07301E1}.Debug|Win32.Build.0 = Debug|Win32
		{DC86724B-6EE8-322E-B732-55A8C07301E1}.Release|Win32.ActiveCfg = Release|Win32
		{DC86724B-6EE8-322E-B732-55A8C07301E1}.Release|Win32.Build.0 = Release|Win32
		{DC86724B-6EE8-322E-B732-55A8C07301E1}.MinSizeRel|Win32.ActiveCfg = MinSizeRel|Win32
		{DC86724B-6EE8-322E-B732-55A8C07301E1}.MinSizeRel|Win32.Build.0 = MinSizeRel|Win32
		{DC86724B-6EE8-322E-B732-55A8C07301E1}.RelWithDebInfo|Win32.ActiveCfg = RelWithDebInfo|Win32
		{DC86724B-6EE8-322E-B732-55A8C07301E1}.RelWithDebInfo|Win32.Build.0 = RelWithDebInfo|Win32
		{6B4BCED0-5D1E-3719-9C8D-4E1BDC76F1DA}.Debug|Win32.ActiveCfg = Debug|Win32
		{6B4BCED0-5D1E-3719-9C8D-4E1BDC76F1DA}.Debug|Win32.Build.0 = Debug|Win32
		{6B4BCED0-5D1E-3719-9C8D-4E1BDC76F1DA}.Release|Win32.ActiveCfg = Release|Win32
		{6B4BCED0-5D1E-3719-9C8D-4E1BDC76F1DA}.Release|Win32.Build.0 = Release|Win32
		{6B4BCED0-5D1E-3719-9C8D-4E1BDC76F1DA}.MinSizeRel|Win32.ActiveCfg = MinSizeRel|Win32
		{6B4BCED0-5D1E-3719-9C8D-4E1BDC76F1DA}.MinSizeRel|Win32.Build.0 = MinSizeRel|Win32
		{6B4BCED0-5D1E-3719-9C8D-4E1BDC76F1DA}.RelWithDebInfo|Win32.ActiveCfg = RelWithDebInfo|Win32
		{6B4BCED0-5D1E-3719-9C8D-4E1BDC76F1DA}.RelWithDebInfo|Win32.Build.0 = RelWithDebInfo|Win32
	EndGlobalSection
	GlobalSection(ExtensibilityGlobals) = postSolution
		SolutionGuid = {8FA131A2-8CC6-38B2-A634-2953CC14443A}
	EndGlobalSection
	GlobalSection(ExtensibilityAddIns) = postSolution
	EndGlobalSection
EndGlobal
